
Microsoft Visual Studio Solution File, Format Version 12.00
Project("{FAE04EC0-301F-11D3-BF4B-00C04F79EFBC}") = "PipelineDemo", "PipelineDemo\PipelineDemo.csproj", "{4F8420D5-E06B-4EBA-990E-AB38E631E722}"
EndProject
Project("{FAE04EC0-301F-11D3-BF4B-00C04F79EFBC}") = "PipelineDemo.Unit.Test", "PipelineDemo.Unit.Test\PipelineDemo.Unit.Test.csproj", "{80293B31-D0BE-45CF-912B-61C059524B45}"
EndProject
Global
	GlobalSection(SolutionConfigurationPlatforms) = preSolution
		Debug|Any CPU = Debug|Any CPU
		Release|Any CPU = Release|Any CPU
	EndGlobalSection
	GlobalSection(ProjectConfigurationPlatforms) = postSolution
		{4F8420D5-E06B-4EBA-990E-AB38E631E722}.Debug|Any CPU.ActiveCfg = Debug|Any CPU
		{4F8420D5-E06B-4EBA-990E-AB38E631E722}.Debug|Any CPU.Build.0 = Debug|Any CPU
		{4F8420D5-E06B-4EBA-990E-AB38E631E722}.Release|Any CPU.ActiveCfg = Release|Any CPU
		{4F8420D5-E06B-4EBA-990E-AB38E631E722}.Release|Any CPU.Build.0 = Release|Any CPU
		{80293B31-D0BE-45CF-912B-61C059524B45}.Debug|Any CPU.ActiveCfg = Debug|Any CPU
		{80293B31-D0BE-45CF-912B-61C059524B45}.Debug|Any CPU.Build.0 = Debug|Any CPU
		{80293B31-D0BE-45CF-912B-61C059524B45}.Release|Any CPU.ActiveCfg = Release|Any CPU
		{80293B31-D0BE-45CF-912B-61C059524B45}.Release|Any CPU.Build.0 = Release|Any CPU
	EndGlobalSection
EndGlobal
